
Microsoft Visual Studio Solution File, Format Version 12.00
# Visual Studio 15
Project("{FAE04EC0-301F-11D3-BF4B-00C04F79EFBC}") = "Assembly-CSharp", "Assembly-CSharp.csproj", "{6E35F151-7FAD-3518-5C10-C158EBEAC150}"
EndProject
Project("{FAE04EC0-301F-11D3-BF4B-00C04F79EFBC}") = "Assembly-CSharp-firstpass", "Assembly-CSharp-firstpass.csproj", "{63CDB690-E2D5-7FB2-DE0D-81CEA278A1D7}"
EndProject
Project("{FAE04EC0-301F-11D3-BF4B-00C04F79EFBC}") = "Assembly-CSharp-Editor-firstpass", "Assembly-CSharp-Editor-firstpass.csproj", "{E4CDABFB-290A-CB3B-E1AA-593F2B9AB8C2}"
EndProject
Global
	GlobalSection(SolutionConfigurationPlatforms) = preSolution
		Debug|Any CPU = Debug|Any CPU
		Release|Any CPU = Release|Any CPU
	EndGlobalSection
	GlobalSection(ProjectConfigurationPlatforms) = postSolution
		{6E35F151-7FAD-3518-5C10-C158EBEAC150}.Debug|Any CPU.ActiveCfg = Debug|Any CPU
		{6E35F151-7FAD-3518-5C10-C158EBEAC150}.Debug|Any CPU.Build.0 = Debug|Any CPU
		{6E35F151-7FAD-3518-5C10-C158EBEAC150}.Release|Any CPU.ActiveCfg = Release|Any CPU
		{6E35F151-7FAD-3518-5C10-C158EBEAC150}.Release|Any CPU.Build.0 = Release|Any CPU
		{63CDB690-E2D5-7FB2-DE0D-81CEA278A1D7}.Debug|Any CPU.ActiveCfg = Debug|Any CPU
		{63CDB690-E2D5-7FB2-DE0D-81CEA278A1D7}.Debug|Any CPU.Build.0 = Debug|Any CPU
		{63CDB690-E2D5-7FB2-DE0D-81CEA278A1D7}.Release|Any CPU.ActiveCfg = Release|Any CPU
		{63CDB690-E2D5-7FB2-DE0D-81CEA278A1D7}.Release|Any CPU.Build.0 = Release|Any CPU
		{E4CDABFB-290A-CB3B-E1AA-593F2B9AB8C2}.Debug|Any CPU.ActiveCfg = Debug|Any CPU
		{E4CDABFB-290A-CB3B-E1AA-593F2B9AB8C2}.Debug|Any CPU.Build.0 = Debug|Any CPU
		{E4CDABFB-290A-CB3B-E1AA-593F2B9AB8C2}.Release|Any CPU.ActiveCfg = Release|Any CPU
		{E4CDABFB-290A-CB3B-E1AA-593F2B9AB8C2}.Release|Any CPU.Build.0 = Release|Any CPU
	EndGlobalSection
	GlobalSection(SolutionProperties) = preSolution
		HideSolutionNode = FALSE
	EndGlobalSection
EndGlobal
